
Microsoft Visual Studio Solution File, Format Version 12.00
# Visual Studio Version 17
VisualStudioVersion = 17.7.34031.279
MinimumVisualStudioVersion = 10.0.40219.1
Project("{FAE04EC0-301F-11D3-BF4B-00C04F79EFBC}") = "OOPS example", "OOPS example\OOPS example.csproj", "{EC04323B-9BFD-4C3F-A6FC-3CE9B59813A0}"
EndProject
Global
	GlobalSection(SolutionConfigurationPlatforms) = preSolution
		Debug|Any CPU = Debug|Any CPU
		Release|Any CPU = Release|Any CPU
	EndGlobalSection
	GlobalSection(ProjectConfigurationPlatforms) = postSolution
		{EC04323B-9BFD-4C3F-A6FC-3CE9B59813A0}.Debug|Any CPU.ActiveCfg = Debug|Any CPU
		{EC04323B-9BFD-4C3F-A6FC-3CE9B59813A0}.Debug|Any CPU.Build.0 = Debug|Any CPU
		{EC04323B-9BFD-4C3F-A6FC-3CE9B59813A0}.Release|Any CPU.ActiveCfg = Release|Any CPU
		{EC04323B-9BFD-4C3F-A6FC-3CE9B59813A0}.Release|Any CPU.Build.0 = Release|Any CPU
	EndGlobalSection
	GlobalSection(SolutionProperties) = preSolution
		HideSolutionNode = FALSE
	EndGlobalSection
	GlobalSection(ExtensibilityGlobals) = postSolution
		SolutionGuid = {6C696BF4-C53F-46AB-A650-2B761E066051}
	EndGlobalSection
EndGlobal
